// !$*UTF8*$!
{
	archiveVersion = 1;
	classes = {
	};
	objectVersion = 46;
	objects = {

/* Begin PBXBuildFile section */
		A31DA9101DB4DA7200E4CA5E /* AppDelegate.swift in Sources */ = {isa = PBXBuildFile; fileRef = A31DA90F1DB4DA7200E4CA5E /* AppDelegate.swift */; };
		A31DA9121DB4DA7200E4CA5E /* ViewController.swift in Sources */ = {isa = PBXBuildFile; fileRef = A31DA9111DB4DA7200E4CA5E /* ViewController.swift */; };
		A31DA9151DB4DA7200E4CA5E /* Main.storyboard in Resources */ = {isa = PBXBuildFile; fileRef = A31DA9131DB4DA7200E4CA5E /* Main.storyboard */; };
		A31DA9171DB4DA7200E4CA5E /* Assets.xcassets in Resources */ = {isa = PBXBuildFile; fileRef = A31DA9161DB4DA7200E4CA5E /* Assets.xcassets */; };
		A31DA91A1DB4DA7200E4CA5E /* LaunchScreen.storyboard in Resources */ = {isa = PBXBuildFile; fileRef = A31DA9181DB4DA7200E4CA5E /* LaunchScreen.storyboard */; };
/* End PBXBuildFile section */

/* Begin PBXFileReference section */
		A31DA90C1DB4DA7200E4CA5E /* TestSampleApp.app */ = {isa = PBXFileReference; explicitFileType = wrapper.application; includeInIndex = 0; path = TestSampleApp.app; sourceTree = BUILT_PRODUCTS_DIR; };
		A31DA90F1DB4DA7200E4CA5E /* AppDelegate.swift */ = {isa = PBXFileReference; lastKnownFileType = sourcecode.swift; path = AppDelegate.swift; sourceTree = "<group>"; };
		A31DA9111DB4DA7200E4CA5E /* ViewController.swift */ = {isa = PBXFileReference; lastKnownFileType = sourcecode.swift; path = ViewController.swift; sourceTree = "<group>"; };
		A31DA9141DB4DA7200E4CA5E /* Base */ = {isa = PBXFileReference; lastKnownFileType = file.storyboard; name = Base; path = Base.lproj/Main.storyboard; sourceTree = "<group>"; };
		A31DA9161DB4DA7200E4CA5E /* Assets.xcassets */ = {isa = PBXFileReference; lastKnownFileType = folder.assetcatalog; path = Assets.xcassets; sourceTree = "<group>"; };
		A31DA9191DB4DA7200E4CA5E /* Base */ = {isa = PBXFileReference; lastKnownFileType = file.storyboard; name = Base; path = Base.lproj/LaunchScreen.storyboard; sourceTree = "<group>"; };
		A31DA91B1DB4DA7200E4CA5E /* Info.plist */ = {isa = PBXFileReference; lastKnownFileType = text.plist.xml; path = Info.plist; sourceTree = "<group>"; };
/* End PBXFileReference section */

/* Begin PBXFrameworksBuildPhase section */
		A31DA9091DB4DA7200E4CA5E /* Frameworks */ = {
			isa = PBXFrameworksBuildPhase;
			buildActionMask = 2147483647;
			files = (
			);
			runOnlyForDeploymentPostprocessing = 0;
		};
/* End PBXFrameworksBuildPhase section */

/* Begin PBXGroup section */
		A31DA9031DB4DA7200E4CA5E = {
			isa = PBXGroup;
			children = (
				A31DA90E1DB4DA7200E4CA5E /* TestSampleApp */,
				A31DA90D1DB4DA7200E4CA5E /* Products */,
			);
			sourceTree = "<group>";
		};
		A31DA90D1DB4DA7200E4CA5E /* Products */ = {
			isa = PBXGroup;
			children = (
				A31DA90C1DB4DA7200E4CA5E /* TestSampleApp.app */,
			);
			name = Products;
			sourceTree = "<group>";
		};
		A31DA90E1DB4DA7200E4CA5E /* TestSampleApp */ = {
			isa = PBXGroup;
			children = (
				A31DA90F1DB4DA7200E4CA5E /* AppDelegate.swift */,
				A31DA9111DB4DA7200E4CA5E /* ViewController.swift */,
				A31DA9131DB4DA7200E4CA5E /* Main.storyboard */,
				A31DA9161DB4DA7200E4CA5E /* Assets.xcassets */,
				A31DA9181DB4DA7200E4CA5E /* LaunchScreen.storyboard */,
				A31DA91B1DB4DA7200E4CA5E /* Info.plist */,
			);
			path = TestSampleApp;
			sourceTree = "<group>";
		};
/* End PBXGroup section */

/* Begin PBXNativeTarget section */
		A31DA90B1DB4DA7200E4CA5E /* TestSampleApp */ = {
			isa = PBXNativeTarget;
			buildConfigurationList = A31DA91E1DB4DA7200E4CA5E /* Build configuration list for PBXNativeTarget "TestSampleApp" */;
			buildPhases = (
				A31DA9081DB4DA7200E4CA5E /* Sources */,
				A31DA9091DB4DA7200E4CA5E /* Frameworks */,
				A31DA90A1DB4DA7200E4CA5E /* Resources */,
			);
			buildRules = (
			);
			dependencies = (
			);
			name = TestSampleApp;
			productName = TestSampleApp;
			productReference = A31DA90C1DB4DA7200E4CA5E /* TestSampleApp.app */;
			productType = "com.apple.product-type.application";
		};
/* End PBXNativeTarget section */

/* Begin PBXProject section */
		A31DA9041DB4DA7200E4CA5E /* Project object */ = {
			isa = PBXProject;
			attributes = {
				LastSwiftUpdateCheck = 0730;
				LastUpgradeCheck = 0730;
				ORGANIZATIONNAME = Pandiyaraj;
				TargetAttributes = {
					A31DA90B1DB4DA7200E4CA5E = {
						CreatedOnToolsVersion = 7.3.1;
					};
				};
			};
			buildConfigurationList = A31DA9071DB4DA7200E4CA5E /* Build configuration list for PBXProject "TestSampleApp" */;
			compatibilityVersion = "Xcode 3.2";
			developmentRegion = English;
			hasScannedForEncodings = 0;
			knownRegions = (
				en,
				Base,
			);
			mainGroup = A31DA9031DB4DA7200E4CA5E;
			productRefGroup = A31DA90D1DB4DA7200E4CA5E /* Products */;
			projectDirPath = "";
			projectRoot = "";
			targets = (
				A31DA90B1DB4DA7200E4CA5E /* TestSampleApp */,
			);
		};
/* End PBXProject section */

/* Begin PBXResourcesBuildPhase section */
		A31DA90A1DB4DA7200E4CA5E /* Resources */ = {
			isa = PBXResourcesBuildPhase;
			buildActionMask = 2147483647;
			files = (
				A31DA91A1DB4DA7200E4CA5E /* LaunchScreen.storyboard in Resources */,
				A31DA9171DB4DA7200E4CA5E /* Assets.xcassets in Resources */,
				A31DA9151DB4DA7200E4CA5E /* Main.storyboard in Resources */,
			);
			runOnlyForDeploymentPostprocessing = 0;
		};
/* End PBXResourcesBuildPhase section */

/* Begin PBXSourcesBuildPhase section */
		A31DA9081DB4DA7200E4CA5E /* Sources */ = {
			isa = PBXSourcesBuildPhase;
			buildActionMask = 2147483647;
			files = (
				A31DA9121DB4DA7200E4CA5E /* ViewController.swift in Sources */,
				A31DA9101DB4DA7200E4CA5E /* AppDelegate.swift in Sources */,
			);
			runOnlyForDeploymentPostprocessing = 0;
		};
/* End PBXSourcesBuildPhase section */

/* Begin PBXVariantGroup section */
		A31DA9131DB4DA7200E4CA5E /* Main.storyboard */ = {
			isa = PBXVariantGroup;
			children = (
				A31DA9141DB4DA7200E4CA5E /* Base */,
			);
			name = Main.storyboard;
			sourceTree = "<group>";
		};
		A31DA9181DB4DA7200E4CA5E /* LaunchScreen.storyboard */ = {
			isa = PBXVariantGroup;
			children = (
				A31DA9191DB4DA7200E4CA5E /* Base */,
			);
			name = LaunchScreen.storyboard;
			sourceTree = "<group>";
		};
/* End PBXVariantGroup section */

/* Begin XCBuildConfiguration section */
		A31DA91C1DB4DA7200E4CA5E /* Debug */ = {
			isa = XCBuildConfiguration;
			buildSettings = {
				ALWAYS_SEARCH_USER_PATHS = NO;
				CLANG_ANALYZER_NONNULL = YES;
				CLANG_CXX_LANGUAGE_STANDARD = "gnu++0x";
				CLANG_CXX_LIBRARY = "libc++";
				CLANG_ENABLE_MODULES = YES;
				CLANG_ENABLE_OBJC_ARC = YES;
				CLANG_WARN_BOOL_CONVERSION = YES;
				CLANG_WARN_CONSTANT_CONVERSION = YES;
				CLANG_WARN_DIRECT_OBJC_ISA_USAGE = YES_ERROR;
				CLANG_WARN_EMPTY_BODY = YES;
				CLANG_WARN_ENUM_CONVERSION = YES;
				CLANG_WARN_INT_CONVERSION = YES;
				CLANG_WARN_OBJC_ROOT_CLASS = YES_ERROR;
				CLANG_WARN_UNREACHABLE_CODE = YES;
				CLANG_WARN__DUPLICATE_METHOD_MATCH = YES;
				"CODE_SIGN_IDENTITY[sdk=iphoneos*]" = "iPhone Developer";
				COPY_PHASE_STRIP = NO;
				DEBUG_INFORMATION_FORMAT = dwarf;
				ENABLE_STRICT_OBJC_MSGSEND = YES;
				ENABLE_TESTABILITY = YES;
				GCC_C_LANGUAGE_STANDARD = gnu99;
				GCC_DYNAMIC_NO_PIC = NO;
				GCC_NO_COMMON_BLOCKS = YES;
				GCC_OPTIMIZATION_LEVEL = 0;
				GCC_PREPROCESSOR_DEFINITIONS = (
					"DEBUG=1",
					"$(inherited)",
				);
				GCC_WARN_64_TO_32_BIT_CONVERSION = YES;
				GCC_WARN_ABOUT_RETURN_TYPE = YES_ERROR;
				GCC_WARN_UNDECLARED_SELECTOR = YES;
				GCC_WARN_UNINITIALIZED_AUTOS = YES_AGGRESSIVE;
				GCC_WARN_UNUSED_FUNCTION = YES;
				GCC_WARN_UNUSED_VARIABLE = YES;
				IPHONEOS_DEPLOYMENT_TARGET = 9.3;
				MTL_ENABLE_DEBUG_INFO = YES;
				ONLY_ACTIVE_ARCH = YES;
				SDKROOT = iphoneos;
				SWIFT_OPTIMIZATION_LEVEL = "-Onone";
				TARGETED_DEVICE_FAMILY = "1,2";
			};
			name = Debug;
		};
		A31DA91D1DB4DA7200E4CA5E /* Release */ = {
			isa = XCBuildConfiguration;
			buildSettings = {
				ALWAYS_SEARCH_USER_PATHS = NO;
				CLANG_ANALYZER_NONNULL = YES;
				CLANG_CXX_LANGUAGE_STANDARD = "gnu++0x";
				CLANG_CXX_LIBRARY = "libc++";
				CLANG_ENABLE_MODULES = YES;
				CLANG_ENABLE_OBJC_ARC = YES;
				CLANG_WARN_BOOL_CONVERSION = YES;
				CLANG_WARN_CONSTANT_CONVERSION = YES;
				CLANG_WARN_DIRECT_OBJC_ISA_USAGE = YES_ERROR;
				CLANG_WARN_EMPTY_BODY = YES;
				CLANG_WARN_ENUM_CONVERSION = YES;
				CLANG_WARN_INT_CONVERSION = YES;
				CLANG_WARN_OBJC_ROOT_CLASS = YES_ERROR;
				CLANG_WARN_UNREACHABLE_CODE = YES;
				CLANG_WARN__DUPLICATE_METHOD_MATCH = YES;
				"CODE_SIGN_IDENTITY[sdk=iphoneos*]" = "iPhone Developer";
				COPY_PHASE_STRIP = NO;
				DEBUG_INFORMATION_FORMAT = "dwarf-with-dsym";
				ENABLE_NS_ASSERTIONS = NO;
				ENABLE_STRICT_OBJC_MSGSEND = YES;
				GCC_C_LANGUAGE_STANDARD = gnu99;
				GCC_NO_COMMON_BLOCKS = YES;
				GCC_WARN_64_TO_32_BIT_CONVERSION = YES;
				GCC_WARN_ABOUT_RETURN_TYPE = YES_ERROR;
				GCC_WARN_UNDECLARED_SELECTOR = YES;
				GCC_WARN_UNINITIALIZED_AUTOS = YES_AGGRESSIVE;
				GCC_WARN_UNUSED_FUNCTION = YES;
				GCC_WARN_UNUSED_VARIABLE = YES;
				IPHONEOS_DEPLOYMENT_TARGET = 9.3;
				MTL_ENABLE_DEBUG_INFO = NO;
				SDKROOT = iphoneos;
				TARGETED_DEVICE_FAMILY = "1,2";
				VALIDATE_PRODUCT = YES;
			};
			name = Release;
		};
		A31DA91F1DB4DA7200E4CA5E /* Debug */ = {
			isa = XCBuildConfiguration;
			buildSettings = {
				ASSETCATALOG_COMPILER_APPICON_NAME = AppIcon;
				INFOPLIST_FILE = TestSampleApp/Info.plist;
				LD_RUNPATH_SEARCH_PATHS = "$(inherited) @executable_path/Frameworks";
				PRODUCT_BUNDLE_IDENTIFIER = com.ideas2it.TestSampleApp;
				PRODUCT_NAME = "$(TARGET_NAME)";
			};
			name = Debug;
		};
		A31DA9201DB4DA7200E4CA5E /* Release */ = {
			isa = XCBuildConfiguration;
			buildSettings = {
				ASSETCATALOG_COMPILER_APPICON_NAME = AppIcon;
				INFOPLIST_FILE = TestSampleApp/Info.plist;
				LD_RUNPATH_SEARCH_PATHS = "$(inherited) @executable_path/Frameworks";
				PRODUCT_BUNDLE_IDENTIFIER = com.ideas2it.TestSampleApp;
				PRODUCT_NAME = "$(TARGET_NAME)";
			};
			name = Release;
		};
/* End XCBuildConfiguration section */

/* Begin XCConfigurationList section */
		A31DA9071DB4DA7200E4CA5E /* Build configuration list for PBXProject "TestSampleApp" */ = {
			isa = XCConfigurationList;
			buildConfigurations = (
				A31DA91C1DB4DA7200E4CA5E /* Debug */,
				A31DA91D1DB4DA7200E4CA5E /* Release */,
			);
			defaultConfigurationIsVisible = 0;
			defaultConfigurationName = Release;
		};
		A31DA91E1DB4DA7200E4CA5E /* Build configuration list for PBXNativeTarget "TestSampleApp" */ = {
			isa = XCConfigurationList;
			buildConfigurations = (
				A31DA91F1DB4DA7200E4CA5E /* Debug */,
				A31DA9201DB4DA7200E4CA5E /* Release */,
			);
			defaultConfigurationIsVisible = 0;
		};
/* End XCConfigurationList section */
	};
	rootObject = A31DA9041DB4DA7200E4CA5E /* Project object */;
}
